{
  "name": "miniprogram-ts-quickstart",
  "version": "1.0.0",
  "lockfileVersion": 1,
  "requires": true,
  "dependencies": {
    "miniprogram-api-typings": {
      "version": "2.9.0",
      "resolved": "https://registry.npmjs.org/miniprogram-api-typings/-/miniprogram-api-typings-2.9.0.tgz",
      "integrity": "sha512-IuqNW44xS3TIi6+KLTZKCNIyib/W1Q2ZfCWXuJB5ZB/uhEZVUR2EWo5orXvFjnZ7GZaBi7AZNWJ28TWMGIMUpw=="
    },
    "typescript": {
      "version": "3.1.6",
      "resolved": "https://registry.npmjs.org/typescript/-/typescript-3.1.6.tgz",
      "integrity": "sha512-tDMYfVtvpb96msS1lDX9MEdHrW4yOuZ4Kdc4Him9oU796XldPYF/t2+uKoX0BBa0hXXwDlqYQbXY5Rzjzc5hBA=="
    }
  }
}
